
Microsoft Visual Studio Solution File, Format Version 12.00
# Visual Studio Version 17
VisualStudioVersion = 17.8.34511.84
MinimumVisualStudioVersion = 10.0.40219.1
Project("{FAE04EC0-301F-11D3-BF4B-00C04F79EFBC}") = "HW-5 for L5", "HW-5 for L5\HW-5 for L5.csproj", "{1998B0CB-A04C-49C0-BD57-83B286E55DC5}"
EndProject
Global
	GlobalSection(SolutionConfigurationPlatforms) = preSolution
		Debug|Any CPU = Debug|Any CPU
		Release|Any CPU = Release|Any CPU
	EndGlobalSection
	GlobalSection(ProjectConfigurationPlatforms) = postSolution
		{1998B0CB-A04C-49C0-BD57-83B286E55DC5}.Debug|Any CPU.ActiveCfg = Debug|Any CPU
		{1998B0CB-A04C-49C0-BD57-83B286E55DC5}.Debug|Any CPU.Build.0 = Debug|Any CPU
		{1998B0CB-A04C-49C0-BD57-83B286E55DC5}.Release|Any CPU.ActiveCfg = Release|Any CPU
		{1998B0CB-A04C-49C0-BD57-83B286E55DC5}.Release|Any CPU.Build.0 = Release|Any CPU
	EndGlobalSection
	GlobalSection(SolutionProperties) = preSolution
		HideSolutionNode = FALSE
	EndGlobalSection
	GlobalSection(ExtensibilityGlobals) = postSolution
		SolutionGuid = {7652DC64-EFE8-4CC0-9D24-0F9D4C45F3DD}
	EndGlobalSection
EndGlobal
